
Microsoft Visual Studio Solution File, Format Version 12.00
# Visual Studio Version 16
VisualStudioVersion = 16.0.30011.22
MinimumVisualStudioVersion = 10.0.40219.1
Project("{FAE04EC0-301F-11D3-BF4B-00C04F79EFBC}") = "Core", "Core\Core.csproj", "{135DEE6B-51DD-45AF-80EE-C5D7315F1D68}"
EndProject
Global
	GlobalSection(SolutionConfigurationPlatforms) = preSolution
		Debug|Any CPU = Debug|Any CPU
		Release|Any CPU = Release|Any CPU
	EndGlobalSection
	GlobalSection(ProjectConfigurationPlatforms) = postSolution
		{135DEE6B-51DD-45AF-80EE-C5D7315F1D68}.Debug|Any CPU.ActiveCfg = Debug|Any CPU
		{135DEE6B-51DD-45AF-80EE-C5D7315F1D68}.Debug|Any CPU.Build.0 = Debug|Any CPU
		{135DEE6B-51DD-45AF-80EE-C5D7315F1D68}.Release|Any CPU.ActiveCfg = Release|Any CPU
		{135DEE6B-51DD-45AF-80EE-C5D7315F1D68}.Release|Any CPU.Build.0 = Release|Any CPU
	EndGlobalSection
	GlobalSection(SolutionProperties) = preSolution
		HideSolutionNode = FALSE
	EndGlobalSection
	GlobalSection(ExtensibilityGlobals) = postSolution
		SolutionGuid = {28E19399-157F-4673-9ACE-7C4603BC3161}
	EndGlobalSection
EndGlobal
