
Microsoft Visual Studio Solution File, Format Version 12.00
# Visual Studio Version 16
VisualStudioVersion = 16.0.30011.22
MinimumVisualStudioVersion = 10.0.40219.1
Project("{2150E333-8FDC-42A3-9474-1A3956D46DE8}") = "Specs", "Specs", "{80C4010E-2A53-4810-A8B0-F2FD2405AFFE}"
EndProject
Project("{9A19103F-16F7-4668-BE54-9A1E7A4F7556}") = "Core", "Core\Core.csproj", "{1182A064-E7C4-4135-A586-5D56ED3B44D3}"
EndProject
Project("{9A19103F-16F7-4668-BE54-9A1E7A4F7556}") = "Serialization", "Serialization\Serialization.csproj", "{734F579A-5214-45BA-8BDF-8C0C02829D95}"
EndProject
Project("{9A19103F-16F7-4668-BE54-9A1E7A4F7556}") = "Serialization", "Specs\Serialization\Serialization.csproj", "{27F96F42-2F9A-4988-AA8C-7B775931CC5B}"
EndProject
Project("{9A19103F-16F7-4668-BE54-9A1E7A4F7556}") = "Bdd", "Bdd\Bdd.csproj", "{58A411A1-DFE1-47C1-8751-89F50145ABE7}"
EndProject
Project("{9A19103F-16F7-4668-BE54-9A1E7A4F7556}") = "Monitoring", "Monitoring\Monitoring.csproj", "{1ABAD6EC-9A47-4065-8880-C5DEE7623E6F}"
EndProject
Project("{9A19103F-16F7-4668-BE54-9A1E7A4F7556}") = "Logging.Serilog", "Logging.Serilog\Logging.Serilog.csproj", "{7A396E8D-0AB2-45D6-BECC-DB050C7AF996}"
EndProject
Project("{9A19103F-16F7-4668-BE54-9A1E7A4F7556}") = "Monitoring", "Specs\Monitoring\Monitoring.csproj", "{2DE7FF7F-7025-4215-B548-E647B576957D}"
EndProject
Project("{9A19103F-16F7-4668-BE54-9A1E7A4F7556}") = "Host", "Host\Host.csproj", "{B64AE81F-302C-46BE-882C-386E52468A55}"
EndProject
Project("{9A19103F-16F7-4668-BE54-9A1E7A4F7556}") = "Http", "Http\Http.csproj", "{AA4C5A89-8B55-4AA6-9D55-C031989833EB}"
EndProject
Project("{2150E333-8FDC-42A3-9474-1A3956D46DE8}") = "Solution Items", "Solution Items", "{BB9A3810-7488-4629-91D8-4F23ABD4B462}"
	ProjectSection(SolutionItems) = preProject
		.github\workflows\build.yaml = .github\workflows\build.yaml
	EndProjectSection
EndProject
Project("{9A19103F-16F7-4668-BE54-9A1E7A4F7556}") = "Http.Json.Client", "Http.Json.Client\Http.Json.Client.csproj", "{59CC7E96-17F3-4534-8ECA-6275496BADC0}"
EndProject
Project("{FAE04EC0-301F-11D3-BF4B-00C04F79EFBC}") = "Logging", "Specs\Logging\Logging.csproj", "{2F63DB83-8ECA-450D-98C4-21C8963FDEEA}"
EndProject
Project("{9A19103F-16F7-4668-BE54-9A1E7A4F7556}") = "Http.Json.Client", "Specs\Http.Json.Client\Http.Json.Client.csproj", "{DF40E494-8E9F-42E3-BC45-2D8810AE9686}"
EndProject
Global
	GlobalSection(SolutionConfigurationPlatforms) = preSolution
		Debug|Any CPU = Debug|Any CPU
		Release|Any CPU = Release|Any CPU
	EndGlobalSection
	GlobalSection(ProjectConfigurationPlatforms) = postSolution
		{1182A064-E7C4-4135-A586-5D56ED3B44D3}.Debug|Any CPU.ActiveCfg = Debug|Any CPU
		{1182A064-E7C4-4135-A586-5D56ED3B44D3}.Debug|Any CPU.Build.0 = Debug|Any CPU
		{1182A064-E7C4-4135-A586-5D56ED3B44D3}.Release|Any CPU.ActiveCfg = Release|Any CPU
		{1182A064-E7C4-4135-A586-5D56ED3B44D3}.Release|Any CPU.Build.0 = Release|Any CPU
		{734F579A-5214-45BA-8BDF-8C0C02829D95}.Debug|Any CPU.ActiveCfg = Debug|Any CPU
		{734F579A-5214-45BA-8BDF-8C0C02829D95}.Debug|Any CPU.Build.0 = Debug|Any CPU
		{734F579A-5214-45BA-8BDF-8C0C02829D95}.Release|Any CPU.ActiveCfg = Release|Any CPU
		{734F579A-5214-45BA-8BDF-8C0C02829D95}.Release|Any CPU.Build.0 = Release|Any CPU
		{27F96F42-2F9A-4988-AA8C-7B775931CC5B}.Debug|Any CPU.ActiveCfg = Debug|Any CPU
		{27F96F42-2F9A-4988-AA8C-7B775931CC5B}.Debug|Any CPU.Build.0 = Debug|Any CPU
		{27F96F42-2F9A-4988-AA8C-7B775931CC5B}.Release|Any CPU.ActiveCfg = Release|Any CPU
		{27F96F42-2F9A-4988-AA8C-7B775931CC5B}.Release|Any CPU.Build.0 = Release|Any CPU
		{58A411A1-DFE1-47C1-8751-89F50145ABE7}.Debug|Any CPU.ActiveCfg = Debug|Any CPU
		{58A411A1-DFE1-47C1-8751-89F50145ABE7}.Debug|Any CPU.Build.0 = Debug|Any CPU
		{58A411A1-DFE1-47C1-8751-89F50145ABE7}.Release|Any CPU.ActiveCfg = Release|Any CPU
		{58A411A1-DFE1-47C1-8751-89F50145ABE7}.Release|Any CPU.Build.0 = Release|Any CPU
		{1ABAD6EC-9A47-4065-8880-C5DEE7623E6F}.Debug|Any CPU.ActiveCfg = Debug|Any CPU
		{1ABAD6EC-9A47-4065-8880-C5DEE7623E6F}.Debug|Any CPU.Build.0 = Debug|Any CPU
		{1ABAD6EC-9A47-4065-8880-C5DEE7623E6F}.Release|Any CPU.ActiveCfg = Release|Any CPU
		{1ABAD6EC-9A47-4065-8880-C5DEE7623E6F}.Release|Any CPU.Build.0 = Release|Any CPU
		{7A396E8D-0AB2-45D6-BECC-DB050C7AF996}.Debug|Any CPU.ActiveCfg = Debug|Any CPU
		{7A396E8D-0AB2-45D6-BECC-DB050C7AF996}.Debug|Any CPU.Build.0 = Debug|Any CPU
		{7A396E8D-0AB2-45D6-BECC-DB050C7AF996}.Release|Any CPU.ActiveCfg = Release|Any CPU
		{7A396E8D-0AB2-45D6-BECC-DB050C7AF996}.Release|Any CPU.Build.0 = Release|Any CPU
		{2DE7FF7F-7025-4215-B548-E647B576957D}.Debug|Any CPU.ActiveCfg = Debug|Any CPU
		{2DE7FF7F-7025-4215-B548-E647B576957D}.Debug|Any CPU.Build.0 = Debug|Any CPU
		{2DE7FF7F-7025-4215-B548-E647B576957D}.Release|Any CPU.ActiveCfg = Release|Any CPU
		{2DE7FF7F-7025-4215-B548-E647B576957D}.Release|Any CPU.Build.0 = Release|Any CPU
		{B64AE81F-302C-46BE-882C-386E52468A55}.Debug|Any CPU.ActiveCfg = Debug|Any CPU
		{B64AE81F-302C-46BE-882C-386E52468A55}.Debug|Any CPU.Build.0 = Debug|Any CPU
		{B64AE81F-302C-46BE-882C-386E52468A55}.Release|Any CPU.ActiveCfg = Release|Any CPU
		{B64AE81F-302C-46BE-882C-386E52468A55}.Release|Any CPU.Build.0 = Release|Any CPU
		{AA4C5A89-8B55-4AA6-9D55-C031989833EB}.Debug|Any CPU.ActiveCfg = Debug|Any CPU
		{AA4C5A89-8B55-4AA6-9D55-C031989833EB}.Debug|Any CPU.Build.0 = Debug|Any CPU
		{AA4C5A89-8B55-4AA6-9D55-C031989833EB}.Release|Any CPU.ActiveCfg = Release|Any CPU
		{AA4C5A89-8B55-4AA6-9D55-C031989833EB}.Release|Any CPU.Build.0 = Release|Any CPU
		{59CC7E96-17F3-4534-8ECA-6275496BADC0}.Debug|Any CPU.ActiveCfg = Debug|Any CPU
		{59CC7E96-17F3-4534-8ECA-6275496BADC0}.Debug|Any CPU.Build.0 = Debug|Any CPU
		{59CC7E96-17F3-4534-8ECA-6275496BADC0}.Release|Any CPU.ActiveCfg = Release|Any CPU
		{59CC7E96-17F3-4534-8ECA-6275496BADC0}.Release|Any CPU.Build.0 = Release|Any CPU
		{2F63DB83-8ECA-450D-98C4-21C8963FDEEA}.Debug|Any CPU.ActiveCfg = Debug|Any CPU
		{2F63DB83-8ECA-450D-98C4-21C8963FDEEA}.Debug|Any CPU.Build.0 = Debug|Any CPU
		{2F63DB83-8ECA-450D-98C4-21C8963FDEEA}.Release|Any CPU.ActiveCfg = Release|Any CPU
		{2F63DB83-8ECA-450D-98C4-21C8963FDEEA}.Release|Any CPU.Build.0 = Release|Any CPU
		{DF40E494-8E9F-42E3-BC45-2D8810AE9686}.Debug|Any CPU.ActiveCfg = Debug|Any CPU
		{DF40E494-8E9F-42E3-BC45-2D8810AE9686}.Debug|Any CPU.Build.0 = Debug|Any CPU
		{DF40E494-8E9F-42E3-BC45-2D8810AE9686}.Release|Any CPU.ActiveCfg = Release|Any CPU
		{DF40E494-8E9F-42E3-BC45-2D8810AE9686}.Release|Any CPU.Build.0 = Release|Any CPU
	EndGlobalSection
	GlobalSection(SolutionProperties) = preSolution
		HideSolutionNode = FALSE
	EndGlobalSection
	GlobalSection(NestedProjects) = preSolution
		{27F96F42-2F9A-4988-AA8C-7B775931CC5B} = {80C4010E-2A53-4810-A8B0-F2FD2405AFFE}
		{2DE7FF7F-7025-4215-B548-E647B576957D} = {80C4010E-2A53-4810-A8B0-F2FD2405AFFE}
		{2F63DB83-8ECA-450D-98C4-21C8963FDEEA} = {80C4010E-2A53-4810-A8B0-F2FD2405AFFE}
		{DF40E494-8E9F-42E3-BC45-2D8810AE9686} = {80C4010E-2A53-4810-A8B0-F2FD2405AFFE}
	EndGlobalSection
	GlobalSection(ExtensibilityGlobals) = postSolution
		SolutionGuid = {28E19399-157F-4673-9ACE-7C4603BC3161}
	EndGlobalSection
EndGlobal
